
Microsoft Visual Studio Solution File, Format Version 12.00
# Visual Studio Version 17
VisualStudioVersion = 17.9.34902.65
MinimumVisualStudioVersion = 10.0.40219.1
Project("{2150E333-8FDC-42A3-9474-1A3956D46DE8}") = "src", "src", "{B40E7B7D-22EA-4E0B-B0C6-C94C74985536}"
EndProject
Project("{2150E333-8FDC-42A3-9474-1A3956D46DE8}") = "test", "test", "{8850F0F0-6BB3-464C-BB69-9CBF4D8E5837}"
EndProject
Project("{2150E333-8FDC-42A3-9474-1A3956D46DE8}") = "Core", "Core", "{DF1CDBDA-40BE-4B6A-B11B-7492585FAB52}"
EndProject
Project("{2150E333-8FDC-42A3-9474-1A3956D46DE8}") = "API", "API", "{CF48CF24-C931-43A3-A90B-9CA479BE7743}"
EndProject
Project("{2150E333-8FDC-42A3-9474-1A3956D46DE8}") = "Infrastructure", "Infrastructure", "{444AAA4F-AE81-4ED9-89EB-EC8307D585A5}"
EndProject
Project("{2150E333-8FDC-42A3-9474-1A3956D46DE8}") = "UI", "UI", "{13ADD9FF-F794-4C97-B1E9-630453E9735C}"
EndProject
Project("{9A19103F-16F7-4668-BE54-9A1E7A4F7556}") = "ShopCenter.Domain", "ShopCenter.Domain\ShopCenter.Domain.csproj", "{BE8DC755-2423-4BE4-B6FC-FC28971C3D0C}"
EndProject
Project("{9A19103F-16F7-4668-BE54-9A1E7A4F7556}") = "ShopCenter.Application", "ShopCenter.Application\ShopCenter.Application.csproj", "{8AAF4436-8693-4C6A-BBC3-4CB16691B28A}"
EndProject
Project("{9A19103F-16F7-4668-BE54-9A1E7A4F7556}") = "ShopCenter.Infrastructure", "ShopCenter.Infrastructure\ShopCenter.Infrastructure.csproj", "{0AC82555-3ABC-40B3-8EFD-A28E1A378B2A}"
EndProject
Project("{9A19103F-16F7-4668-BE54-9A1E7A4F7556}") = "ShopCenter.Persistence", "ShopCenter.Persistence\ShopCenter.Persistence.csproj", "{3CE431C8-19C6-44DC-AF88-68763C0B2CEB}"
EndProject
Project("{9A19103F-16F7-4668-BE54-9A1E7A4F7556}") = "ShopCenter.Api", "ShopCenter.Api\ShopCenter.Api.csproj", "{83F19C58-EF57-4F14-9E66-6EE8F3B464D0}"
EndProject
Project("{9A19103F-16F7-4668-BE54-9A1E7A4F7556}") = "ShopCenter.UnitTest", "ShopCenter.UnitTest\ShopCenter.UnitTest.csproj", "{A08943FA-3C0F-476F-ABC7-9CAE7494E6E9}"
EndProject
Project("{9A19103F-16F7-4668-BE54-9A1E7A4F7556}") = "ShopCenter.MVC", "ShopCenter.MVC\ShopCenter.MVC.csproj", "{41748925-A94A-488D-AE28-8B5517AB8FCF}"
EndProject
Project("{FAE04EC0-301F-11D3-BF4B-00C04F79EFBC}") = "ShopCenter.Identity", "ShopCenter.Identity\ShopCenter.Identity.csproj", "{68C69F40-AF95-4306-A441-2C04765A65A3}"
EndProject
Global
	GlobalSection(SolutionConfigurationPlatforms) = preSolution
		Debug|Any CPU = Debug|Any CPU
		Release|Any CPU = Release|Any CPU
	EndGlobalSection
	GlobalSection(ProjectConfigurationPlatforms) = postSolution
		{BE8DC755-2423-4BE4-B6FC-FC28971C3D0C}.Debug|Any CPU.ActiveCfg = Debug|Any CPU
		{BE8DC755-2423-4BE4-B6FC-FC28971C3D0C}.Debug|Any CPU.Build.0 = Debug|Any CPU
		{BE8DC755-2423-4BE4-B6FC-FC28971C3D0C}.Release|Any CPU.ActiveCfg = Release|Any CPU
		{BE8DC755-2423-4BE4-B6FC-FC28971C3D0C}.Release|Any CPU.Build.0 = Release|Any CPU
		{8AAF4436-8693-4C6A-BBC3-4CB16691B28A}.Debug|Any CPU.ActiveCfg = Debug|Any CPU
		{8AAF4436-8693-4C6A-BBC3-4CB16691B28A}.Debug|Any CPU.Build.0 = Debug|Any CPU
		{8AAF4436-8693-4C6A-BBC3-4CB16691B28A}.Release|Any CPU.ActiveCfg = Release|Any CPU
		{8AAF4436-8693-4C6A-BBC3-4CB16691B28A}.Release|Any CPU.Build.0 = Release|Any CPU
		{0AC82555-3ABC-40B3-8EFD-A28E1A378B2A}.Debug|Any CPU.ActiveCfg = Debug|Any CPU
		{0AC82555-3ABC-40B3-8EFD-A28E1A378B2A}.Debug|Any CPU.Build.0 = Debug|Any CPU
		{0AC82555-3ABC-40B3-8EFD-A28E1A378B2A}.Release|Any CPU.ActiveCfg = Release|Any CPU
		{0AC82555-3ABC-40B3-8EFD-A28E1A378B2A}.Release|Any CPU.Build.0 = Release|Any CPU
		{3CE431C8-19C6-44DC-AF88-68763C0B2CEB}.Debug|Any CPU.ActiveCfg = Debug|Any CPU
		{3CE431C8-19C6-44DC-AF88-68763C0B2CEB}.Debug|Any CPU.Build.0 = Debug|Any CPU
		{3CE431C8-19C6-44DC-AF88-68763C0B2CEB}.Release|Any CPU.ActiveCfg = Release|Any CPU
		{3CE431C8-19C6-44DC-AF88-68763C0B2CEB}.Release|Any CPU.Build.0 = Release|Any CPU
		{83F19C58-EF57-4F14-9E66-6EE8F3B464D0}.Debug|Any CPU.ActiveCfg = Debug|Any CPU
		{83F19C58-EF57-4F14-9E66-6EE8F3B464D0}.Debug|Any CPU.Build.0 = Debug|Any CPU
		{83F19C58-EF57-4F14-9E66-6EE8F3B464D0}.Release|Any CPU.ActiveCfg = Release|Any CPU
		{83F19C58-EF57-4F14-9E66-6EE8F3B464D0}.Release|Any CPU.Build.0 = Release|Any CPU
		{A08943FA-3C0F-476F-ABC7-9CAE7494E6E9}.Debug|Any CPU.ActiveCfg = Debug|Any CPU
		{A08943FA-3C0F-476F-ABC7-9CAE7494E6E9}.Debug|Any CPU.Build.0 = Debug|Any CPU
		{A08943FA-3C0F-476F-ABC7-9CAE7494E6E9}.Release|Any CPU.ActiveCfg = Release|Any CPU
		{A08943FA-3C0F-476F-ABC7-9CAE7494E6E9}.Release|Any CPU.Build.0 = Release|Any CPU
		{41748925-A94A-488D-AE28-8B5517AB8FCF}.Debug|Any CPU.ActiveCfg = Debug|Any CPU
		{41748925-A94A-488D-AE28-8B5517AB8FCF}.Debug|Any CPU.Build.0 = Debug|Any CPU
		{41748925-A94A-488D-AE28-8B5517AB8FCF}.Release|Any CPU.ActiveCfg = Release|Any CPU
		{41748925-A94A-488D-AE28-8B5517AB8FCF}.Release|Any CPU.Build.0 = Release|Any CPU
		{68C69F40-AF95-4306-A441-2C04765A65A3}.Debug|Any CPU.ActiveCfg = Debug|Any CPU
		{68C69F40-AF95-4306-A441-2C04765A65A3}.Debug|Any CPU.Build.0 = Debug|Any CPU
		{68C69F40-AF95-4306-A441-2C04765A65A3}.Release|Any CPU.ActiveCfg = Release|Any CPU
		{68C69F40-AF95-4306-A441-2C04765A65A3}.Release|Any CPU.Build.0 = Release|Any CPU
	EndGlobalSection
	GlobalSection(SolutionProperties) = preSolution
		HideSolutionNode = FALSE
	EndGlobalSection
	GlobalSection(NestedProjects) = preSolution
		{DF1CDBDA-40BE-4B6A-B11B-7492585FAB52} = {B40E7B7D-22EA-4E0B-B0C6-C94C74985536}
		{CF48CF24-C931-43A3-A90B-9CA479BE7743} = {B40E7B7D-22EA-4E0B-B0C6-C94C74985536}
		{444AAA4F-AE81-4ED9-89EB-EC8307D585A5} = {B40E7B7D-22EA-4E0B-B0C6-C94C74985536}
		{13ADD9FF-F794-4C97-B1E9-630453E9735C} = {B40E7B7D-22EA-4E0B-B0C6-C94C74985536}
		{BE8DC755-2423-4BE4-B6FC-FC28971C3D0C} = {DF1CDBDA-40BE-4B6A-B11B-7492585FAB52}
		{8AAF4436-8693-4C6A-BBC3-4CB16691B28A} = {DF1CDBDA-40BE-4B6A-B11B-7492585FAB52}
		{0AC82555-3ABC-40B3-8EFD-A28E1A378B2A} = {444AAA4F-AE81-4ED9-89EB-EC8307D585A5}
		{3CE431C8-19C6-44DC-AF88-68763C0B2CEB} = {444AAA4F-AE81-4ED9-89EB-EC8307D585A5}
		{83F19C58-EF57-4F14-9E66-6EE8F3B464D0} = {CF48CF24-C931-43A3-A90B-9CA479BE7743}
		{A08943FA-3C0F-476F-ABC7-9CAE7494E6E9} = {8850F0F0-6BB3-464C-BB69-9CBF4D8E5837}
		{41748925-A94A-488D-AE28-8B5517AB8FCF} = {13ADD9FF-F794-4C97-B1E9-630453E9735C}
		{68C69F40-AF95-4306-A441-2C04765A65A3} = {444AAA4F-AE81-4ED9-89EB-EC8307D585A5}
	EndGlobalSection
	GlobalSection(ExtensibilityGlobals) = postSolution
		SolutionGuid = {2190BFF3-6904-43D7-ABD8-7E7C784320B6}
	EndGlobalSection
EndGlobal
